
Microsoft Visual Studio Solution File, Format Version 12.00
# Visual Studio 15
VisualStudioVersion = 15.0.28010.2050
MinimumVisualStudioVersion = 10.0.40219.1
Project("{FAE04EC0-301F-11D3-BF4B-00C04F79EFBC}") = "OneRoster.NET", "OneRoster.NET\OneRoster.NET.csproj", "{D49B182F-315B-480D-92A2-F1C172186256}"
EndProject
Global
	GlobalSection(SolutionConfigurationPlatforms) = preSolution
		Debug|Any CPU = Debug|Any CPU
		Release|Any CPU = Release|Any CPU
	EndGlobalSection
	GlobalSection(ProjectConfigurationPlatforms) = postSolution
		{D49B182F-315B-480D-92A2-F1C172186256}.Debug|Any CPU.ActiveCfg = Debug|Any CPU
		{D49B182F-315B-480D-92A2-F1C172186256}.Debug|Any CPU.Build.0 = Debug|Any CPU
		{D49B182F-315B-480D-92A2-F1C172186256}.Release|Any CPU.ActiveCfg = Release|Any CPU
		{D49B182F-315B-480D-92A2-F1C172186256}.Release|Any CPU.Build.0 = Release|Any CPU
	EndGlobalSection
	GlobalSection(SolutionProperties) = preSolution
		HideSolutionNode = FALSE
	EndGlobalSection
	GlobalSection(ExtensibilityGlobals) = postSolution
		SolutionGuid = {8A52794E-10E0-442A-B167-362D16F08CA3}
	EndGlobalSection
EndGlobal
